// !$*UTF8*$!
{
	archiveVersion = 1;
	classes = {
	};
	objectVersion = 50;
	objects = {

/* Begin PBXBuildFile section */
		A4115322236B507B0043DEA4 /* AppDelegate.swift in Sources */ = {isa = PBXBuildFile; fileRef = A4115321236B507B0043DEA4 /* AppDelegate.swift */; };
		A4115326236B507B0043DEA4 /* BronzeViewController.swift in Sources */ = {isa = PBXBuildFile; fileRef = A4115325236B507B0043DEA4 /* BronzeViewController.swift */; };
		A411532B236B507D0043DEA4 /* Assets.xcassets in Resources */ = {isa = PBXBuildFile; fileRef = A411532A236B507D0043DEA4 /* Assets.xcassets */; };
		A411532E236B507D0043DEA4 /* LaunchScreen.storyboard in Resources */ = {isa = PBXBuildFile; fileRef = A411532C236B507D0043DEA4 /* LaunchScreen.storyboard */; };
		A416412C23708F3300C73BB1 /* SilverViewController.swift in Sources */ = {isa = PBXBuildFile; fileRef = A416412B23708F3300C73BB1 /* SilverViewController.swift */; };
		A4332E64236CC6F5006D26B0 /* TabBarViewController.swift in Sources */ = {isa = PBXBuildFile; fileRef = A4332E63236CC6F5006D26B0 /* TabBarViewController.swift */; };
		A490F36F236CA78400B9326F /* GameManager.swift in Sources */ = {isa = PBXBuildFile; fileRef = A490F36E236CA78400B9326F /* GameManager.swift */; };
		A4F1438E2371E9E200F0A44D /* Constants.swift in Sources */ = {isa = PBXBuildFile; fileRef = A4F1438D2371E9E200F0A44D /* Constants.swift */; };
/* End PBXBuildFile section */

/* Begin PBXFileReference section */
		A411531E236B507B0043DEA4 /* Conway's-Game-of-Life.app */ = {isa = PBXFileReference; explicitFileType = wrapper.application; includeInIndex = 0; path = "Conway's-Game-of-Life.app"; sourceTree = BUILT_PRODUCTS_DIR; };
		A4115321236B507B0043DEA4 /* AppDelegate.swift */ = {isa = PBXFileReference; lastKnownFileType = sourcecode.swift; path = AppDelegate.swift; sourceTree = "<group>"; };
		A4115325236B507B0043DEA4 /* BronzeViewController.swift */ = {isa = PBXFileReference; lastKnownFileType = sourcecode.swift; path = BronzeViewController.swift; sourceTree = "<group>"; };
		A411532A236B507D0043DEA4 /* Assets.xcassets */ = {isa = PBXFileReference; lastKnownFileType = folder.assetcatalog; path = Assets.xcassets; sourceTree = "<group>"; };
		A411532D236B507D0043DEA4 /* Base */ = {isa = PBXFileReference; lastKnownFileType = file.storyboard; name = Base; path = Base.lproj/LaunchScreen.storyboard; sourceTree = "<group>"; };
		A411532F236B507D0043DEA4 /* Info.plist */ = {isa = PBXFileReference; lastKnownFileType = text.plist.xml; path = Info.plist; sourceTree = "<group>"; };
		A416412B23708F3300C73BB1 /* SilverViewController.swift */ = {isa = PBXFileReference; lastKnownFileType = sourcecode.swift; path = SilverViewController.swift; sourceTree = "<group>"; };
		A4332E63236CC6F5006D26B0 /* TabBarViewController.swift */ = {isa = PBXFileReference; lastKnownFileType = sourcecode.swift; path = TabBarViewController.swift; sourceTree = "<group>"; };
		A490F36E236CA78400B9326F /* GameManager.swift */ = {isa = PBXFileReference; lastKnownFileType = sourcecode.swift; path = GameManager.swift; sourceTree = "<group>"; };
		A4F1438D2371E9E200F0A44D /* Constants.swift */ = {isa = PBXFileReference; lastKnownFileType = sourcecode.swift; path = Constants.swift; sourceTree = "<group>"; };
/* End PBXFileReference section */

/* Begin PBXFrameworksBuildPhase section */
		A411531B236B507B0043DEA4 /* Frameworks */ = {
			isa = PBXFrameworksBuildPhase;
			buildActionMask = 2147483647;
			files = (
			);
			runOnlyForDeploymentPostprocessing = 0;
		};
/* End PBXFrameworksBuildPhase section */

/* Begin PBXGroup section */
		A4115315236B507B0043DEA4 = {
			isa = PBXGroup;
			children = (
				A4115320236B507B0043DEA4 /* Conway's-Game-of-Life */,
				A411531F236B507B0043DEA4 /* Products */,
			);
			sourceTree = "<group>";
		};
		A411531F236B507B0043DEA4 /* Products */ = {
			isa = PBXGroup;
			children = (
				A411531E236B507B0043DEA4 /* Conway's-Game-of-Life.app */,
			);
			name = Products;
			sourceTree = "<group>";
		};
		A4115320236B507B0043DEA4 /* Conway's-Game-of-Life */ = {
			isa = PBXGroup;
			children = (
				A4115321236B507B0043DEA4 /* AppDelegate.swift */,
				A4115325236B507B0043DEA4 /* BronzeViewController.swift */,
				A411532A236B507D0043DEA4 /* Assets.xcassets */,
				A411532C236B507D0043DEA4 /* LaunchScreen.storyboard */,
				A411532F236B507D0043DEA4 /* Info.plist */,
				A490F36E236CA78400B9326F /* GameManager.swift */,
				A4332E63236CC6F5006D26B0 /* TabBarViewController.swift */,
				A416412B23708F3300C73BB1 /* SilverViewController.swift */,
				A4F1438D2371E9E200F0A44D /* Constants.swift */,
			);
			path = "Conway's-Game-of-Life";
			sourceTree = "<group>";
		};
/* End PBXGroup section */

/* Begin PBXNativeTarget section */
		A411531D236B507B0043DEA4 /* Conway's-Game-of-Life */ = {
			isa = PBXNativeTarget;
			buildConfigurationList = A4115332236B507D0043DEA4 /* Build configuration list for PBXNativeTarget "Conway's-Game-of-Life" */;
			buildPhases = (
				A411531A236B507B0043DEA4 /* Sources */,
				A411531B236B507B0043DEA4 /* Frameworks */,
				A411531C236B507B0043DEA4 /* Resources */,
			);
			buildRules = (
			);
			dependencies = (
			);
			name = "Conway's-Game-of-Life";
			productName = "Conway's-Game-of-Life";
			productReference = A411531E236B507B0043DEA4 /* Conway's-Game-of-Life.app */;
			productType = "com.apple.product-type.application";
		};
/* End PBXNativeTarget section */

/* Begin PBXProject section */
		A4115316236B507B0043DEA4 /* Project object */ = {
			isa = PBXProject;
			attributes = {
				LastSwiftUpdateCheck = 1110;
				LastUpgradeCheck = 1110;
				ORGANIZATIONNAME = "Artur Carneiro";
				TargetAttributes = {
					A411531D236B507B0043DEA4 = {
						CreatedOnToolsVersion = 11.1;
					};
				};
			};
			buildConfigurationList = A4115319236B507B0043DEA4 /* Build configuration list for PBXProject "Conway's-Game-of-Life" */;
			compatibilityVersion = "Xcode 9.3";
			developmentRegion = en;
			hasScannedForEncodings = 0;
			knownRegions = (
				en,
				Base,
			);
			mainGroup = A4115315236B507B0043DEA4;
			productRefGroup = A411531F236B507B0043DEA4 /* Products */;
			projectDirPath = "";
			projectRoot = "";
			targets = (
				A411531D236B507B0043DEA4 /* Conway's-Game-of-Life */,
			);
		};
/* End PBXProject section */

/* Begin PBXResourcesBuildPhase section */
		A411531C236B507B0043DEA4 /* Resources */ = {
			isa = PBXResourcesBuildPhase;
			buildActionMask = 2147483647;
			files = (
				A411532E236B507D0043DEA4 /* LaunchScreen.storyboard in Resources */,
				A411532B236B507D0043DEA4 /* Assets.xcassets in Resources */,
			);
			runOnlyForDeploymentPostprocessing = 0;
		};
/* End PBXResourcesBuildPhase section */

/* Begin PBXSourcesBuildPhase section */
		A411531A236B507B0043DEA4 /* Sources */ = {
			isa = PBXSourcesBuildPhase;
			buildActionMask = 2147483647;
			files = (
				A4332E64236CC6F5006D26B0 /* TabBarViewController.swift in Sources */,
				A416412C23708F3300C73BB1 /* SilverViewController.swift in Sources */,
				A4115326236B507B0043DEA4 /* BronzeViewController.swift in Sources */,
				A490F36F236CA78400B9326F /* GameManager.swift in Sources */,
				A4115322236B507B0043DEA4 /* AppDelegate.swift in Sources */,
				A4F1438E2371E9E200F0A44D /* Constants.swift in Sources */,
			);
			runOnlyForDeploymentPostprocessing = 0;
		};
/* End PBXSourcesBuildPhase section */

/* Begin PBXVariantGroup section */
		A411532C236B507D0043DEA4 /* LaunchScreen.storyboard */ = {
			isa = PBXVariantGroup;
			children = (
				A411532D236B507D0043DEA4 /* Base */,
			);
			name = LaunchScreen.storyboard;
			sourceTree = "<group>";
		};
/* End PBXVariantGroup section */

/* Begin XCBuildConfiguration section */
		A4115330236B507D0043DEA4 /* Debug */ = {
			isa = XCBuildConfiguration;
			buildSettings = {
				ALWAYS_SEARCH_USER_PATHS = NO;
				CLANG_ANALYZER_NONNULL = YES;
				CLANG_ANALYZER_NUMBER_OBJECT_CONVERSION = YES_AGGRESSIVE;
				CLANG_CXX_LANGUAGE_STANDARD = "gnu++14";
				CLANG_CXX_LIBRARY = "libc++";
				CLANG_ENABLE_MODULES = YES;
				CLANG_ENABLE_OBJC_ARC = YES;
				CLANG_ENABLE_OBJC_WEAK = YES;
				CLANG_WARN_BLOCK_CAPTURE_AUTORELEASING = YES;
				CLANG_WARN_BOOL_CONVERSION = YES;
				CLANG_WARN_COMMA = YES;
				CLANG_WARN_CONSTANT_CONVERSION = YES;
				CLANG_WARN_DEPRECATED_OBJC_IMPLEMENTATIONS = YES;
				CLANG_WARN_DIRECT_OBJC_ISA_USAGE = YES_ERROR;
				CLANG_WARN_DOCUMENTATION_COMMENTS = YES;
				CLANG_WARN_EMPTY_BODY = YES;
				CLANG_WARN_ENUM_CONVERSION = YES;
				CLANG_WARN_INFINITE_RECURSION = YES;
				CLANG_WARN_INT_CONVERSION = YES;
				CLANG_WARN_NON_LITERAL_NULL_CONVERSION = YES;
				CLANG_WARN_OBJC_IMPLICIT_RETAIN_SELF = YES;
				CLANG_WARN_OBJC_LITERAL_CONVERSION = YES;
				CLANG_WARN_OBJC_ROOT_CLASS = YES_ERROR;
				CLANG_WARN_RANGE_LOOP_ANALYSIS = YES;
				CLANG_WARN_STRICT_PROTOTYPES = YES;
				CLANG_WARN_SUSPICIOUS_MOVE = YES;
				CLANG_WARN_UNGUARDED_AVAILABILITY = YES_AGGRESSIVE;
				CLANG_WARN_UNREACHABLE_CODE = YES;
				CLANG_WARN__DUPLICATE_METHOD_MATCH = YES;
				COPY_PHASE_STRIP = NO;
				DEBUG_INFORMATION_FORMAT = dwarf;
				ENABLE_STRICT_OBJC_MSGSEND = YES;
				ENABLE_TESTABILITY = YES;
				GCC_C_LANGUAGE_STANDARD = gnu11;
				GCC_DYNAMIC_NO_PIC = NO;
				GCC_NO_COMMON_BLOCKS = YES;
				GCC_OPTIMIZATION_LEVEL = 0;
				GCC_PREPROCESSOR_DEFINITIONS = (
					"DEBUG=1",
					"$(inherited)",
				);
				GCC_WARN_64_TO_32_BIT_CONVERSION = YES;
				GCC_WARN_ABOUT_RETURN_TYPE = YES_ERROR;
				GCC_WARN_UNDECLARED_SELECTOR = YES;
				GCC_WARN_UNINITIALIZED_AUTOS = YES_AGGRESSIVE;
				GCC_WARN_UNUSED_FUNCTION = YES;
				GCC_WARN_UNUSED_VARIABLE = YES;
				IPHONEOS_DEPLOYMENT_TARGET = 13.1;
				MTL_ENABLE_DEBUG_INFO = INCLUDE_SOURCE;
				MTL_FAST_MATH = YES;
				ONLY_ACTIVE_ARCH = YES;
				SDKROOT = iphoneos;
				SWIFT_ACTIVE_COMPILATION_CONDITIONS = DEBUG;
				SWIFT_OPTIMIZATION_LEVEL = "-Onone";
			};
			name = Debug;
		};
		A4115331236B507D0043DEA4 /* Release */ = {
			isa = XCBuildConfiguration;
			buildSettings = {
				ALWAYS_SEARCH_USER_PATHS = NO;
				CLANG_ANALYZER_NONNULL = YES;
				CLANG_ANALYZER_NUMBER_OBJECT_CONVERSION = YES_AGGRESSIVE;
				CLANG_CXX_LANGUAGE_STANDARD = "gnu++14";
				CLANG_CXX_LIBRARY = "libc++";
				CLANG_ENABLE_MODULES = YES;
				CLANG_ENABLE_OBJC_ARC = YES;
				CLANG_ENABLE_OBJC_WEAK = YES;
				CLANG_WARN_BLOCK_CAPTURE_AUTORELEASING = YES;
				CLANG_WARN_BOOL_CONVERSION = YES;
				CLANG_WARN_COMMA = YES;
				CLANG_WARN_CONSTANT_CONVERSION = YES;
				CLANG_WARN_DEPRECATED_OBJC_IMPLEMENTATIONS = YES;
				CLANG_WARN_DIRECT_OBJC_ISA_USAGE = YES_ERROR;
				CLANG_WARN_DOCUMENTATION_COMMENTS = YES;
				CLANG_WARN_EMPTY_BODY = YES;
				CLANG_WARN_ENUM_CONVERSION = YES;
				CLANG_WARN_INFINITE_RECURSION = YES;
				CLANG_WARN_INT_CONVERSION = YES;
				CLANG_WARN_NON_LITERAL_NULL_CONVERSION = YES;
				CLANG_WARN_OBJC_IMPLICIT_RETAIN_SELF = YES;
				CLANG_WARN_OBJC_LITERAL_CONVERSION = YES;
				CLANG_WARN_OBJC_ROOT_CLASS = YES_ERROR;
				CLANG_WARN_RANGE_LOOP_ANALYSIS = YES;
				CLANG_WARN_STRICT_PROTOTYPES = YES;
				CLANG_WARN_SUSPICIOUS_MOVE = YES;
				CLANG_WARN_UNGUARDED_AVAILABILITY = YES_AGGRESSIVE;
				CLANG_WARN_UNREACHABLE_CODE = YES;
				CLANG_WARN__DUPLICATE_METHOD_MATCH = YES;
				COPY_PHASE_STRIP = NO;
				DEBUG_INFORMATION_FORMAT = "dwarf-with-dsym";
				ENABLE_NS_ASSERTIONS = NO;
				ENABLE_STRICT_OBJC_MSGSEND = YES;
				GCC_C_LANGUAGE_STANDARD = gnu11;
				GCC_NO_COMMON_BLOCKS = YES;
				GCC_WARN_64_TO_32_BIT_CONVERSION = YES;
				GCC_WARN_ABOUT_RETURN_TYPE = YES_ERROR;
				GCC_WARN_UNDECLARED_SELECTOR = YES;
				GCC_WARN_UNINITIALIZED_AUTOS = YES_AGGRESSIVE;
				GCC_WARN_UNUSED_FUNCTION = YES;
				GCC_WARN_UNUSED_VARIABLE = YES;
				IPHONEOS_DEPLOYMENT_TARGET = 13.1;
				MTL_ENABLE_DEBUG_INFO = NO;
				MTL_FAST_MATH = YES;
				SDKROOT = iphoneos;
				SWIFT_COMPILATION_MODE = wholemodule;
				SWIFT_OPTIMIZATION_LEVEL = "-O";
				VALIDATE_PRODUCT = YES;
			};
			name = Release;
		};
		A4115333236B507D0043DEA4 /* Debug */ = {
			isa = XCBuildConfiguration;
			buildSettings = {
				ASSETCATALOG_COMPILER_APPICON_NAME = AppIcon;
				CODE_SIGN_STYLE = Automatic;
				DEVELOPMENT_TEAM = L76X5KFZD9;
				INFOPLIST_FILE = "Conway's-Game-of-Life/Info.plist";
				LD_RUNPATH_SEARCH_PATHS = (
					"$(inherited)",
					"@executable_path/Frameworks",
				);
				PRODUCT_BUNDLE_IDENTIFIER = "com.csfa.Conway-s-Game-of-Life";
				PRODUCT_NAME = "$(TARGET_NAME)";
				SWIFT_VERSION = 5.0;
				TARGETED_DEVICE_FAMILY = "1,2";
			};
			name = Debug;
		};
		A4115334236B507D0043DEA4 /* Release */ = {
			isa = XCBuildConfiguration;
			buildSettings = {
				ASSETCATALOG_COMPILER_APPICON_NAME = AppIcon;
				CODE_SIGN_STYLE = Automatic;
				DEVELOPMENT_TEAM = L76X5KFZD9;
				INFOPLIST_FILE = "Conway's-Game-of-Life/Info.plist";
				LD_RUNPATH_SEARCH_PATHS = (
					"$(inherited)",
					"@executable_path/Frameworks",
				);
				PRODUCT_BUNDLE_IDENTIFIER = "com.csfa.Conway-s-Game-of-Life";
				PRODUCT_NAME = "$(TARGET_NAME)";
				SWIFT_VERSION = 5.0;
				TARGETED_DEVICE_FAMILY = "1,2";
			};
			name = Release;
		};
/* End XCBuildConfiguration section */

/* Begin XCConfigurationList section */
		A4115319236B507B0043DEA4 /* Build configuration list for PBXProject "Conway's-Game-of-Life" */ = {
			isa = XCConfigurationList;
			buildConfigurations = (
				A4115330236B507D0043DEA4 /* Debug */,
				A4115331236B507D0043DEA4 /* Release */,
			);
			defaultConfigurationIsVisible = 0;
			defaultConfigurationName = Release;
		};
		A4115332236B507D0043DEA4 /* Build configuration list for PBXNativeTarget "Conway's-Game-of-Life" */ = {
			isa = XCConfigurationList;
			buildConfigurations = (
				A4115333236B507D0043DEA4 /* Debug */,
				A4115334236B507D0043DEA4 /* Release */,
			);
			defaultConfigurationIsVisible = 0;
			defaultConfigurationName = Release;
		};
/* End XCConfigurationList section */
	};
	rootObject = A4115316236B507B0043DEA4 /* Project object */;
}
